// !$*UTF8*$!
{
	archiveVersion = 1;
	classes = {
	};
	objectVersion = 46;
	objects = {

/* Begin PBXBuildFile section */
		8E4F85471DF1B7860034B003 /* AppDelegate.swift in Sources */ = {isa = PBXBuildFile; fileRef = 8E4F85461DF1B7860034B003 /* AppDelegate.swift */; };
		8E4F854C1DF1B7860034B003 /* Main.storyboard in Resources */ = {isa = PBXBuildFile; fileRef = 8E4F854A1DF1B7860034B003 /* Main.storyboard */; };
		8E4F854F1DF1B7860034B003 /* queRule.xcdatamodeld in Sources */ = {isa = PBXBuildFile; fileRef = 8E4F854D1DF1B7860034B003 /* queRule.xcdatamodeld */; };
		8E4F85511DF1B7860034B003 /* Assets.xcassets in Resources */ = {isa = PBXBuildFile; fileRef = 8E4F85501DF1B7860034B003 /* Assets.xcassets */; };
		8E4F85541DF1B7860034B003 /* LaunchScreen.storyboard in Resources */ = {isa = PBXBuildFile; fileRef = 8E4F85521DF1B7860034B003 /* LaunchScreen.storyboard */; };
		8E4F855C1DF1C0EE0034B003 /* GamesVC.swift in Sources */ = {isa = PBXBuildFile; fileRef = 8E4F855B1DF1C0EE0034B003 /* GamesVC.swift */; };
		8E4F855E1DF1C1040034B003 /* AddGameVC.swift in Sources */ = {isa = PBXBuildFile; fileRef = 8E4F855D1DF1C1040034B003 /* AddGameVC.swift */; };
		8E4F85601DF1C14A0034B003 /* GameCell.swift in Sources */ = {isa = PBXBuildFile; fileRef = 8E4F855F1DF1C14A0034B003 /* GameCell.swift */; };
		8E4F85621DF1C64A0034B003 /* String+Utils.swift in Sources */ = {isa = PBXBuildFile; fileRef = 8E4F85611DF1C64A0034B003 /* String+Utils.swift */; };
/* End PBXBuildFile section */

/* Begin PBXFileReference section */
		8E4F85431DF1B7860034B003 /* queRule.app */ = {isa = PBXFileReference; explicitFileType = wrapper.application; includeInIndex = 0; path = queRule.app; sourceTree = BUILT_PRODUCTS_DIR; };
		8E4F85461DF1B7860034B003 /* AppDelegate.swift */ = {isa = PBXFileReference; lastKnownFileType = sourcecode.swift; path = AppDelegate.swift; sourceTree = "<group>"; };
		8E4F854B1DF1B7860034B003 /* Base */ = {isa = PBXFileReference; lastKnownFileType = file.storyboard; name = Base; path = Base.lproj/Main.storyboard; sourceTree = "<group>"; };
		8E4F854E1DF1B7860034B003 /* queRule.xcdatamodel */ = {isa = PBXFileReference; lastKnownFileType = wrapper.xcdatamodel; path = queRule.xcdatamodel; sourceTree = "<group>"; };
		8E4F85501DF1B7860034B003 /* Assets.xcassets */ = {isa = PBXFileReference; lastKnownFileType = folder.assetcatalog; path = Assets.xcassets; sourceTree = "<group>"; };
		8E4F85531DF1B7860034B003 /* Base */ = {isa = PBXFileReference; lastKnownFileType = file.storyboard; name = Base; path = Base.lproj/LaunchScreen.storyboard; sourceTree = "<group>"; };
		8E4F85551DF1B7860034B003 /* Info.plist */ = {isa = PBXFileReference; lastKnownFileType = text.plist.xml; path = Info.plist; sourceTree = "<group>"; };
		8E4F855B1DF1C0EE0034B003 /* GamesVC.swift */ = {isa = PBXFileReference; fileEncoding = 4; lastKnownFileType = sourcecode.swift; path = GamesVC.swift; sourceTree = "<group>"; };
		8E4F855D1DF1C1040034B003 /* AddGameVC.swift */ = {isa = PBXFileReference; fileEncoding = 4; lastKnownFileType = sourcecode.swift; path = AddGameVC.swift; sourceTree = "<group>"; };
		8E4F855F1DF1C14A0034B003 /* GameCell.swift */ = {isa = PBXFileReference; fileEncoding = 4; lastKnownFileType = sourcecode.swift; path = GameCell.swift; sourceTree = "<group>"; };
		8E4F85611DF1C64A0034B003 /* String+Utils.swift */ = {isa = PBXFileReference; fileEncoding = 4; lastKnownFileType = sourcecode.swift; path = "String+Utils.swift"; sourceTree = "<group>"; };
/* End PBXFileReference section */

/* Begin PBXFrameworksBuildPhase section */
		8E4F85401DF1B7860034B003 /* Frameworks */ = {
			isa = PBXFrameworksBuildPhase;
			buildActionMask = 2147483647;
			files = (
			);
			runOnlyForDeploymentPostprocessing = 0;
		};
/* End PBXFrameworksBuildPhase section */

/* Begin PBXGroup section */
		8E4F853A1DF1B7860034B003 = {
			isa = PBXGroup;
			children = (
				8E4F85451DF1B7860034B003 /* queRule */,
				8E4F85441DF1B7860034B003 /* Products */,
			);
			sourceTree = "<group>";
		};
		8E4F85441DF1B7860034B003 /* Products */ = {
			isa = PBXGroup;
			children = (
				8E4F85431DF1B7860034B003 /* queRule.app */,
			);
			name = Products;
			sourceTree = "<group>";
		};
		8E4F85451DF1B7860034B003 /* queRule */ = {
			isa = PBXGroup;
			children = (
				8E4F85461DF1B7860034B003 /* AppDelegate.swift */,
				8E4F855B1DF1C0EE0034B003 /* GamesVC.swift */,
				8E4F855D1DF1C1040034B003 /* AddGameVC.swift */,
				8E4F854A1DF1B7860034B003 /* Main.storyboard */,
				8E4F85501DF1B7860034B003 /* Assets.xcassets */,
				8E4F85521DF1B7860034B003 /* LaunchScreen.storyboard */,
				8E4F85551DF1B7860034B003 /* Info.plist */,
				8E4F854D1DF1B7860034B003 /* queRule.xcdatamodeld */,
				8E4F855F1DF1C14A0034B003 /* GameCell.swift */,
				8E4F85611DF1C64A0034B003 /* String+Utils.swift */,
			);
			path = queRule;
			sourceTree = "<group>";
		};
/* End PBXGroup section */

/* Begin PBXNativeTarget section */
		8E4F85421DF1B7860034B003 /* queRule */ = {
			isa = PBXNativeTarget;
			buildConfigurationList = 8E4F85581DF1B7860034B003 /* Build configuration list for PBXNativeTarget "queRule" */;
			buildPhases = (
				8E4F853F1DF1B7860034B003 /* Sources */,
				8E4F85401DF1B7860034B003 /* Frameworks */,
				8E4F85411DF1B7860034B003 /* Resources */,
			);
			buildRules = (
			);
			dependencies = (
			);
			name = queRule;
			productName = queRule;
			productReference = 8E4F85431DF1B7860034B003 /* queRule.app */;
			productType = "com.apple.product-type.application";
		};
/* End PBXNativeTarget section */

/* Begin PBXProject section */
		8E4F853B1DF1B7860034B003 /* Project object */ = {
			isa = PBXProject;
			attributes = {
				LastSwiftUpdateCheck = 0810;
				LastUpgradeCheck = 0810;
				ORGANIZATIONNAME = TimpleSoft;
				TargetAttributes = {
					8E4F85421DF1B7860034B003 = {
						CreatedOnToolsVersion = 8.1;
						DevelopmentTeam = 76HKZS2A86;
						ProvisioningStyle = Automatic;
					};
				};
			};
			buildConfigurationList = 8E4F853E1DF1B7860034B003 /* Build configuration list for PBXProject "queRule" */;
			compatibilityVersion = "Xcode 3.2";
			developmentRegion = English;
			hasScannedForEncodings = 0;
			knownRegions = (
				en,
				Base,
			);
			mainGroup = 8E4F853A1DF1B7860034B003;
			productRefGroup = 8E4F85441DF1B7860034B003 /* Products */;
			projectDirPath = "";
			projectRoot = "";
			targets = (
				8E4F85421DF1B7860034B003 /* queRule */,
			);
		};
/* End PBXProject section */

/* Begin PBXResourcesBuildPhase section */
		8E4F85411DF1B7860034B003 /* Resources */ = {
			isa = PBXResourcesBuildPhase;
			buildActionMask = 2147483647;
			files = (
				8E4F85541DF1B7860034B003 /* LaunchScreen.storyboard in Resources */,
				8E4F85511DF1B7860034B003 /* Assets.xcassets in Resources */,
				8E4F854C1DF1B7860034B003 /* Main.storyboard in Resources */,
			);
			runOnlyForDeploymentPostprocessing = 0;
		};
/* End PBXResourcesBuildPhase section */

/* Begin PBXSourcesBuildPhase section */
		8E4F853F1DF1B7860034B003 /* Sources */ = {
			isa = PBXSourcesBuildPhase;
			buildActionMask = 2147483647;
			files = (
				8E4F85601DF1C14A0034B003 /* GameCell.swift in Sources */,
				8E4F854F1DF1B7860034B003 /* queRule.xcdatamodeld in Sources */,
				8E4F85621DF1C64A0034B003 /* String+Utils.swift in Sources */,
				8E4F855C1DF1C0EE0034B003 /* GamesVC.swift in Sources */,
				8E4F855E1DF1C1040034B003 /* AddGameVC.swift in Sources */,
				8E4F85471DF1B7860034B003 /* AppDelegate.swift in Sources */,
			);
			runOnlyForDeploymentPostprocessing = 0;
		};
/* End PBXSourcesBuildPhase section */

/* Begin PBXVariantGroup section */
		8E4F854A1DF1B7860034B003 /* Main.storyboard */ = {
			isa = PBXVariantGroup;
			children = (
				8E4F854B1DF1B7860034B003 /* Base */,
			);
			name = Main.storyboard;
			sourceTree = "<group>";
		};
		8E4F85521DF1B7860034B003 /* LaunchScreen.storyboard */ = {
			isa = PBXVariantGroup;
			children = (
				8E4F85531DF1B7860034B003 /* Base */,
			);
			name = LaunchScreen.storyboard;
			sourceTree = "<group>";
		};
/* End PBXVariantGroup section */

/* Begin XCBuildConfiguration section */
		8E4F85561DF1B7860034B003 /* Debug */ = {
			isa = XCBuildConfiguration;
			buildSettings = {
				ALWAYS_SEARCH_USER_PATHS = NO;
				CLANG_ANALYZER_NONNULL = YES;
				CLANG_CXX_LANGUAGE_STANDARD = "gnu++0x";
				CLANG_CXX_LIBRARY = "libc++";
				CLANG_ENABLE_MODULES = YES;
				CLANG_ENABLE_OBJC_ARC = YES;
				CLANG_WARN_BOOL_CONVERSION = YES;
				CLANG_WARN_CONSTANT_CONVERSION = YES;
				CLANG_WARN_DIRECT_OBJC_ISA_USAGE = YES_ERROR;
				CLANG_WARN_DOCUMENTATION_COMMENTS = YES;
				CLANG_WARN_EMPTY_BODY = YES;
				CLANG_WARN_ENUM_CONVERSION = YES;
				CLANG_WARN_INFINITE_RECURSION = YES;
				CLANG_WARN_INT_CONVERSION = YES;
				CLANG_WARN_OBJC_ROOT_CLASS = YES_ERROR;
				CLANG_WARN_SUSPICIOUS_MOVES = YES;
				CLANG_WARN_UNREACHABLE_CODE = YES;
				CLANG_WARN__DUPLICATE_METHOD_MATCH = YES;
				"CODE_SIGN_IDENTITY[sdk=iphoneos*]" = "iPhone Developer";
				COPY_PHASE_STRIP = NO;
				DEBUG_INFORMATION_FORMAT = dwarf;
				ENABLE_STRICT_OBJC_MSGSEND = YES;
				ENABLE_TESTABILITY = YES;
				GCC_C_LANGUAGE_STANDARD = gnu99;
				GCC_DYNAMIC_NO_PIC = NO;
				GCC_NO_COMMON_BLOCKS = YES;
				GCC_OPTIMIZATION_LEVEL = 0;
				GCC_PREPROCESSOR_DEFINITIONS = (
					"DEBUG=1",
					"$(inherited)",
				);
				GCC_WARN_64_TO_32_BIT_CONVERSION = YES;
				GCC_WARN_ABOUT_RETURN_TYPE = YES_ERROR;
				GCC_WARN_UNDECLARED_SELECTOR = YES;
				GCC_WARN_UNINITIALIZED_AUTOS = YES_AGGRESSIVE;
				GCC_WARN_UNUSED_FUNCTION = YES;
				GCC_WARN_UNUSED_VARIABLE = YES;
				IPHONEOS_DEPLOYMENT_TARGET = 10.1;
				MTL_ENABLE_DEBUG_INFO = YES;
				ONLY_ACTIVE_ARCH = YES;
				SDKROOT = iphoneos;
				SWIFT_ACTIVE_COMPILATION_CONDITIONS = DEBUG;
				SWIFT_OPTIMIZATION_LEVEL = "-Onone";
			};
			name = Debug;
		};
		8E4F85571DF1B7860034B003 /* Release */ = {
			isa = XCBuildConfiguration;
			buildSettings = {
				ALWAYS_SEARCH_USER_PATHS = NO;
				CLANG_ANALYZER_NONNULL = YES;
				CLANG_CXX_LANGUAGE_STANDARD = "gnu++0x";
				CLANG_CXX_LIBRARY = "libc++";
				CLANG_ENABLE_MODULES = YES;
				CLANG_ENABLE_OBJC_ARC = YES;
				CLANG_WARN_BOOL_CONVERSION = YES;
				CLANG_WARN_CONSTANT_CONVERSION = YES;
				CLANG_WARN_DIRECT_OBJC_ISA_USAGE = YES_ERROR;
				CLANG_WARN_DOCUMENTATION_COMMENTS = YES;
				CLANG_WARN_EMPTY_BODY = YES;
				CLANG_WARN_ENUM_CONVERSION = YES;
				CLANG_WARN_INFINITE_RECURSION = YES;
				CLANG_WARN_INT_CONVERSION = YES;
				CLANG_WARN_OBJC_ROOT_CLASS = YES_ERROR;
				CLANG_WARN_SUSPICIOUS_MOVES = YES;
				CLANG_WARN_UNREACHABLE_CODE = YES;
				CLANG_WARN__DUPLICATE_METHOD_MATCH = YES;
				"CODE_SIGN_IDENTITY[sdk=iphoneos*]" = "iPhone Developer";
				COPY_PHASE_STRIP = NO;
				DEBUG_INFORMATION_FORMAT = "dwarf-with-dsym";
				ENABLE_NS_ASSERTIONS = NO;
				ENABLE_STRICT_OBJC_MSGSEND = YES;
				GCC_C_LANGUAGE_STANDARD = gnu99;
				GCC_NO_COMMON_BLOCKS = YES;
				GCC_WARN_64_TO_32_BIT_CONVERSION = YES;
				GCC_WARN_ABOUT_RETURN_TYPE = YES_ERROR;
				GCC_WARN_UNDECLARED_SELECTOR = YES;
				GCC_WARN_UNINITIALIZED_AUTOS = YES_AGGRESSIVE;
				GCC_WARN_UNUSED_FUNCTION = YES;
				GCC_WARN_UNUSED_VARIABLE = YES;
				IPHONEOS_DEPLOYMENT_TARGET = 10.1;
				MTL_ENABLE_DEBUG_INFO = NO;
				SDKROOT = iphoneos;
				SWIFT_OPTIMIZATION_LEVEL = "-Owholemodule";
				VALIDATE_PRODUCT = YES;
			};
			name = Release;
		};
		8E4F85591DF1B7860034B003 /* Debug */ = {
			isa = XCBuildConfiguration;
			buildSettings = {
				ASSETCATALOG_COMPILER_APPICON_NAME = AppIcon;
				DEVELOPMENT_TEAM = 76HKZS2A86;
				INFOPLIST_FILE = queRule/Info.plist;
				LD_RUNPATH_SEARCH_PATHS = "$(inherited) @executable_path/Frameworks";
				PRODUCT_BUNDLE_IDENTIFIER = com.timplesoft.queRule;
				PRODUCT_NAME = "$(TARGET_NAME)";
				SWIFT_VERSION = 3.0;
			};
			name = Debug;
		};
		8E4F855A1DF1B7860034B003 /* Release */ = {
			isa = XCBuildConfiguration;
			buildSettings = {
				ASSETCATALOG_COMPILER_APPICON_NAME = AppIcon;
				DEVELOPMENT_TEAM = 76HKZS2A86;
				INFOPLIST_FILE = queRule/Info.plist;
				LD_RUNPATH_SEARCH_PATHS = "$(inherited) @executable_path/Frameworks";
				PRODUCT_BUNDLE_IDENTIFIER = com.timplesoft.queRule;
				PRODUCT_NAME = "$(TARGET_NAME)";
				SWIFT_VERSION = 3.0;
			};
			name = Release;
		};
/* End XCBuildConfiguration section */

/* Begin XCConfigurationList section */
		8E4F853E1DF1B7860034B003 /* Build configuration list for PBXProject "queRule" */ = {
			isa = XCConfigurationList;
			buildConfigurations = (
				8E4F85561DF1B7860034B003 /* Debug */,
				8E4F85571DF1B7860034B003 /* Release */,
			);
			defaultConfigurationIsVisible = 0;
			defaultConfigurationName = Release;
		};
		8E4F85581DF1B7860034B003 /* Build configuration list for PBXNativeTarget "queRule" */ = {
			isa = XCConfigurationList;
			buildConfigurations = (
				8E4F85591DF1B7860034B003 /* Debug */,
				8E4F855A1DF1B7860034B003 /* Release */,
			);
			defaultConfigurationIsVisible = 0;
		};
/* End XCConfigurationList section */

/* Begin XCVersionGroup section */
		8E4F854D1DF1B7860034B003 /* queRule.xcdatamodeld */ = {
			isa = XCVersionGroup;
			children = (
				8E4F854E1DF1B7860034B003 /* queRule.xcdatamodel */,
			);
			currentVersion = 8E4F854E1DF1B7860034B003 /* queRule.xcdatamodel */;
			path = queRule.xcdatamodeld;
			sourceTree = "<group>";
			versionGroupType = wrapper.xcdatamodel;
		};
/* End XCVersionGroup section */
	};
	rootObject = 8E4F853B1DF1B7860034B003 /* Project object */;
}
